{
    "_readme": [
        "This file locks the dependencies of your project to a known state",
        "Read more about it at https://getcomposer.org/doc/01-basic-usage.md#composer-lock-the-lock-file",
        "This file is @generated automatically"
    ],
    "hash": "1ce65997dcff89423900e5af346c09d5",
    "content-hash": "e5910a0e79ce5e8fa63e6e74cad3793f",
    "packages": [
        {
            "name": "studyportals/http",
            "version": "v1.01",
            "source": {
                "type": "git",
                "url": "git@github.com:studyportals/Framework-HTTP.git",
                "reference": "34082fa037ec0a1e67796b7964f58d8735d7cf49"
            },
            "require": {
                "studyportals/throwable": "^1.0"
            },
            "type": "framework",
            "autoload": {
                "files": [
                    "HTTP.php"
                ]
            },
            "license": [
                "MIT"
            ],
            "authors": [
                {
                    "name": "Rob van den Hout",
                    "email": "vdhout@studyportals.com"
                }
            ],
            "time": "2017-06-30 13:31:52"
        },
        {
            "name": "studyportals/throwable",
            "version": "v1.0.0",
            "source": {
                "type": "git",
                "url": "https://github.com/studyportals/Framework-Throwable.git",
                "reference": "08704049ea4881c6027d878d44279e2f861b516d"
            },
            "dist": {
                "type": "zip",
                "url": "https://api.github.com/repos/studyportals/Framework-Throwable/zipball/08704049ea4881c6027d878d44279e2f861b516d",
                "reference": "08704049ea4881c6027d878d44279e2f861b516d",
                "shasum": ""
            },
            "require": {
                "php": ">=5.5.0"
            },
            "type": "polyfill",
            "autoload": {
                "files": [
                    "Throwable.php"
                ]
            },
            "notification-url": "https://packagist.org/downloads/",
            "authors": [
                {
                    "name": "Rob van den Hout",
                    "email": "vdhout@studyportals.com"
                }
            ],
            "description": "Makes a Throwable interface accessible for php <7.0.0 versions.",
            "time": "2017-04-01 21:25:36"
        }
    ],
    "packages-dev": [],
    "aliases": [],
    "minimum-stability": "stable",
    "stability-flags": [],
    "prefer-stable": true,
    "prefer-lowest": false,
    "platform": [],
    "platform-dev": []
}
